
Microsoft Visual Studio Solution File, Format Version 12.00
# Visual Studio Version 16
VisualStudioVersion = 16.0.30320.27
MinimumVisualStudioVersion = 10.0.40219.1
Project("{FAE04EC0-301F-11D3-BF4B-00C04F79EFBC}") = "ReactExercise5-4", "ReactExercise5-4\ReactExercise5-4.csproj", "{40D1903A-4F39-4683-970D-FDC51A8B67E9}"
EndProject
Global
	GlobalSection(SolutionConfigurationPlatforms) = preSolution
		Debug|Any CPU = Debug|Any CPU
		Release|Any CPU = Release|Any CPU
	EndGlobalSection
	GlobalSection(ProjectConfigurationPlatforms) = postSolution
		{40D1903A-4F39-4683-970D-FDC51A8B67E9}.Debug|Any CPU.ActiveCfg = Debug|Any CPU
		{40D1903A-4F39-4683-970D-FDC51A8B67E9}.Debug|Any CPU.Build.0 = Debug|Any CPU
		{40D1903A-4F39-4683-970D-FDC51A8B67E9}.Release|Any CPU.ActiveCfg = Release|Any CPU
		{40D1903A-4F39-4683-970D-FDC51A8B67E9}.Release|Any CPU.Build.0 = Release|Any CPU
	EndGlobalSection
	GlobalSection(SolutionProperties) = preSolution
		HideSolutionNode = FALSE
	EndGlobalSection
	GlobalSection(ExtensibilityGlobals) = postSolution
		SolutionGuid = {51435EA2-D4AD-4C4F-AAF0-E89E05289016}
	EndGlobalSection
EndGlobal
